
Microsoft Visual Studio Solution File, Format Version 12.00
# Visual Studio 15
VisualStudioVersion = 15.0.28307.1259
MinimumVisualStudioVersion = 10.0.40219.1
Project("{FAE04EC0-301F-11D3-BF4B-00C04F79EFBC}") = "Inventory_App", "Inventory_App\Inventory_App.csproj", "{52F4832F-2DE4-4FAC-BC83-9998A8BB1081}"
EndProject
Global
	GlobalSection(SolutionConfigurationPlatforms) = preSolution
		Debug|Any CPU = Debug|Any CPU
		Release|Any CPU = Release|Any CPU
	EndGlobalSection
	GlobalSection(ProjectConfigurationPlatforms) = postSolution
		{52F4832F-2DE4-4FAC-BC83-9998A8BB1081}.Debug|Any CPU.ActiveCfg = Debug|Any CPU
		{52F4832F-2DE4-4FAC-BC83-9998A8BB1081}.Debug|Any CPU.Build.0 = Debug|Any CPU
		{52F4832F-2DE4-4FAC-BC83-9998A8BB1081}.Release|Any CPU.ActiveCfg = Release|Any CPU
		{52F4832F-2DE4-4FAC-BC83-9998A8BB1081}.Release|Any CPU.Build.0 = Release|Any CPU
	EndGlobalSection
	GlobalSection(SolutionProperties) = preSolution
		HideSolutionNode = FALSE
	EndGlobalSection
	GlobalSection(ExtensibilityGlobals) = postSolution
		SolutionGuid = {CBAEC93A-CFA2-4EAC-9C03-11CA826B4143}
	EndGlobalSection
EndGlobal
